
Microsoft Visual Studio Solution File, Format Version 12.00
# Visual Studio Version 16
VisualStudioVersion = 16.0.32901.82
MinimumVisualStudioVersion = 10.0.40219.1
Project("{FAE04EC0-301F-11D3-BF4B-00C04F79EFBC}") = "ControleDeAlunoApi", "ControleDeAlunoApi\ControleDeAlunoApi.csproj", "{CC560BDE-841F-47CB-9DFF-CBE3181C425C}"
EndProject
Global
	GlobalSection(SolutionConfigurationPlatforms) = preSolution
		Debug|Any CPU = Debug|Any CPU
		Release|Any CPU = Release|Any CPU
	EndGlobalSection
	GlobalSection(ProjectConfigurationPlatforms) = postSolution
		{CC560BDE-841F-47CB-9DFF-CBE3181C425C}.Debug|Any CPU.ActiveCfg = Debug|Any CPU
		{CC560BDE-841F-47CB-9DFF-CBE3181C425C}.Debug|Any CPU.Build.0 = Debug|Any CPU
		{CC560BDE-841F-47CB-9DFF-CBE3181C425C}.Release|Any CPU.ActiveCfg = Release|Any CPU
		{CC560BDE-841F-47CB-9DFF-CBE3181C425C}.Release|Any CPU.Build.0 = Release|Any CPU
	EndGlobalSection
	GlobalSection(SolutionProperties) = preSolution
		HideSolutionNode = FALSE
	EndGlobalSection
	GlobalSection(ExtensibilityGlobals) = postSolution
		SolutionGuid = {4EF3786E-4BB3-422F-A73D-0EF52B78DA21}
	EndGlobalSection
EndGlobal
